
Microsoft Visual Studio Solution File, Format Version 12.00
# Visual Studio Version 16
VisualStudioVersion = 16.0.30128.74
MinimumVisualStudioVersion = 10.0.40219.1
Project("{FAE04EC0-301F-11D3-BF4B-00C04F79EFBC}") = "BankOOP", "BankOOP\BankOOP.csproj", "{6CD308C9-9111-49BF-BB99-CD614037D72E}"
EndProject
Global
	GlobalSection(SolutionConfigurationPlatforms) = preSolution
		Debug|Any CPU = Debug|Any CPU
		Release|Any CPU = Release|Any CPU
	EndGlobalSection
	GlobalSection(ProjectConfigurationPlatforms) = postSolution
		{6CD308C9-9111-49BF-BB99-CD614037D72E}.Debug|Any CPU.ActiveCfg = Debug|Any CPU
		{6CD308C9-9111-49BF-BB99-CD614037D72E}.Debug|Any CPU.Build.0 = Debug|Any CPU
		{6CD308C9-9111-49BF-BB99-CD614037D72E}.Release|Any CPU.ActiveCfg = Release|Any CPU
		{6CD308C9-9111-49BF-BB99-CD614037D72E}.Release|Any CPU.Build.0 = Release|Any CPU
	EndGlobalSection
	GlobalSection(SolutionProperties) = preSolution
		HideSolutionNode = FALSE
	EndGlobalSection
	GlobalSection(ExtensibilityGlobals) = postSolution
		SolutionGuid = {8C5E8E26-361B-405D-962B-49771C6D382D}
	EndGlobalSection
EndGlobal
